<?xml version="1.0" encoding="utf-8"?>
<Project ToolsVersion="4.0" xmlns="http://schemas.microsoft.com/developer/msbuild/2003">
  <ItemGroup>
    <Filter Include="ClientDefault">
      <UniqueIdentifier>{43e4296d-1e14-436b-873e-406a9a327405}</UniqueIdentifier>
    </Filter>
  </ItemGroup>
  <ItemGroup>
    <ClInclude Include="Client.h">
      <Filter>ClientDefault</Filter>
    </ClInclude>
    <ClInclude Include="framework.h">
      <Filter>ClientDefault</Filter>
    </ClInclude>
    <ClInclude Include="Resource.h">
      <Filter>ClientDefault</Filter>
    </ClInclude>
    <ClInclude Include="targetver.h">
      <Filter>ClientDefault</Filter>
    </ClInclude>
  </ItemGroup>
  <ItemGroup>
    <Image Include="Client.ico">
      <Filter>ClientDefault</Filter>
    </Image>
    <Image Include="small.ico">
      <Filter>ClientDefault</Filter>
    </Image>
  </ItemGroup>
  <ItemGroup>
    <ResourceCompile Include="Client.rc">
      <Filter>ClientDefault</Filter>
    </ResourceCompile>
  </ItemGroup>
  <ItemGroup>
    <ClCompile Include="Client.cpp" />
  </ItemGroup>
</Project>